<?xml version="1.0" encoding="utf-8"?>
<Project ToolsVersion="4.0" xmlns="http://schemas.microsoft.com/developer/msbuild/2003">
  <ItemGroup>
    <Filter Include="소스 파일">
      <UniqueIdentifier>{4FC737F1-C7A5-4376-A066-2A32D752A2FF}</UniqueIdentifier>
      <Extensions>cpp;c;cc;cxx;def;odl;idl;hpj;bat;asm;asmx</Extensions>
    </Filter>
    <Filter Include="헤더 파일">
      <UniqueIdentifier>{93995380-89BD-4b04-88EB-625FBE52EBFB}</UniqueIdentifier>
      <Extensions>h;hh;hpp;hxx;hm;inl;inc;ipp;xsd</Extensions>
    </Filter>
    <Filter Include="리소스 파일">
      <UniqueIdentifier>{67DA6AB6-F800-4c08-8B7A-83BB121AAD01}</UniqueIdentifier>
      <Extensions>rc;ico;cur;bmp;dlg;rc2;rct;bin;rgs;gif;jpg;jpeg;jpe;resx;tiff;tif;png;wav;mfcribbon-ms</Extensions>
    </Filter>
    <Filter Include="소스 파일\unitsFolder">
      <UniqueIdentifier>{75d010a3-a398-46c0-a474-b0af06fad672}</UniqueIdentifier>
    </Filter>
    <Filter Include="소스 파일\DrawPart">
      <UniqueIdentifier>{a4099244-3086-4b32-ab16-ec5919c3420c}</UniqueIdentifier>
    </Filter>
    <Filter Include="헤더 파일\DrawPartHeader">
      <UniqueIdentifier>{ba84c2c7-8fe9-455c-a463-eae5e2237639}</UniqueIdentifier>
    </Filter>
  </ItemGroup>
  <ItemGroup>
    <ClCompile Include="GameManager.cpp">
      <Filter>소스 파일</Filter>
    </ClCompile>
    <ClCompile Include="main.cpp">
      <Filter>소스 파일</Filter>
    </ClCompile>
    <ClCompile Include="CollisionManager.cpp">
      <Filter>소스 파일</Filter>
    </ClCompile>
    <ClCompile Include="CommonBetweenGameAndDraw.cpp">
      <Filter>소스 파일</Filter>
    </ClCompile>
    <ClCompile Include="ball.cpp">
      <Filter>소스 파일\unitsFolder</Filter>
    </ClCompile>
    <ClCompile Include="enemy.cpp">
      <Filter>소스 파일\unitsFolder</Filter>
    </ClCompile>
    <ClCompile Include="player.cpp">
      <Filter>소스 파일\unitsFolder</Filter>
    </ClCompile>
    <ClCompile Include="wall.cpp">
      <Filter>소스 파일\unitsFolder</Filter>
    </ClCompile>
    <ClCompile Include="Objects.cpp">
      <Filter>소스 파일\unitsFolder</Filter>
    </ClCompile>
    <ClCompile Include="draw.cpp">
      <Filter>소스 파일\DrawPart</Filter>
    </ClCompile>
    <ClCompile Include="objloader.cpp">
      <Filter>소스 파일\DrawPart</Filter>
    </ClCompile>
    <ClCompile Include="Camera.cpp">
      <Filter>소스 파일\DrawPart</Filter>
    </ClCompile>
    <ClCompile Include="gen_VAO.cpp">
      <Filter>소스 파일\DrawPart</Filter>
    </ClCompile>
    <ClCompile Include="myShader.cpp">
      <Filter>소스 파일\DrawPart</Filter>
    </ClCompile>
  </ItemGroup>
  <ItemGroup>
    <ClInclude Include="GameManager.h">
      <Filter>헤더 파일</Filter>
    </ClInclude>
    <ClInclude Include="Objects.h">
      <Filter>헤더 파일</Filter>
    </ClInclude>
    <ClInclude Include="MyDataType.h">
      <Filter>헤더 파일</Filter>
    </ClInclude>
    <ClInclude Include="CommonBetweenGameAndDraw.h">
      <Filter>헤더 파일</Filter>
    </ClInclude>
    <ClInclude Include="Units.h">
      <Filter>헤더 파일</Filter>
    </ClInclude>
    <ClInclude Include="Camera.h">
      <Filter>헤더 파일</Filter>
    </ClInclude>
    <ClInclude Include="myShader.h">
      <Filter>헤더 파일</Filter>
    </ClInclude>
    <ClInclude Include="ObjData.h">
      <Filter>헤더 파일\DrawPartHeader</Filter>
    </ClInclude>
    <ClInclude Include="objloader.h">
      <Filter>헤더 파일\DrawPartHeader</Filter>
    </ClInclude>
    <ClInclude Include="Draw.h">
      <Filter>헤더 파일\DrawPartHeader</Filter>
    </ClInclude>
    <ClInclude Include="gen_VAO.h">
      <Filter>헤더 파일\DrawPartHeader</Filter>
    </ClInclude>
  </ItemGroup>
  <ItemGroup>
    <None Include="packages.config" />
  </ItemGroup>
</Project>